
Microsoft Visual Studio Solution File, Format Version 12.00
# Visual Studio Version 17
VisualStudioVersion = 17.3.32811.315
MinimumVisualStudioVersion = 10.0.40219.1
Project("{9A19103F-16F7-4668-BE54-9A1E7A4F7556}") = "DemoWF", "DemoWF\DemoWF.csproj", "{1CE05958-BABC-4299-9DFD-22A5D5C6044A}"
EndProject
Project("{2150E333-8FDC-42A3-9474-1A3956D46DE8}") = "Solution Items", "Solution Items", "{F5CCE870-407D-441B-B1D8-066447CDDFDF}"
	ProjectSection(SolutionItems) = preProject
		runsettings\Config.runsettings = runsettings\Config.runsettings
	EndProjectSection
EndProject
Global
	GlobalSection(SolutionConfigurationPlatforms) = preSolution
		Debug|Any CPU = Debug|Any CPU
		Release|Any CPU = Release|Any CPU
	EndGlobalSection
	GlobalSection(ProjectConfigurationPlatforms) = postSolution
		{1CE05958-BABC-4299-9DFD-22A5D5C6044A}.Debug|Any CPU.ActiveCfg = Debug|Any CPU
		{1CE05958-BABC-4299-9DFD-22A5D5C6044A}.Debug|Any CPU.Build.0 = Debug|Any CPU
		{1CE05958-BABC-4299-9DFD-22A5D5C6044A}.Release|Any CPU.ActiveCfg = Release|Any CPU
		{1CE05958-BABC-4299-9DFD-22A5D5C6044A}.Release|Any CPU.Build.0 = Release|Any CPU
	EndGlobalSection
	GlobalSection(SolutionProperties) = preSolution
		HideSolutionNode = FALSE
	EndGlobalSection
	GlobalSection(ExtensibilityGlobals) = postSolution
		SolutionGuid = {D8A3DAD6-396F-4246-AFB7-C5BB0FBF923A}
	EndGlobalSection
EndGlobal
